<?xml version="1.0" encoding="utf-8"?>
<Project ToolsVersion="4.0" xmlns="http://schemas.microsoft.com/developer/msbuild/2003">
  <ItemGroup>
    <ClCompile Include="main.cc" />
    <ClCompile Include="NetworkUtil.cc">
      <Filter>util</Filter>
    </ClCompile>
    <ClCompile Include="Mutex.cc">
      <Filter>util</Filter>
    </ClCompile>
    <ClCompile Include="Condition.cc">
      <Filter>util</Filter>
    </ClCompile>
    <ClCompile Include="Socket.cc">
      <Filter>util</Filter>
    </ClCompile>
    <ClCompile Include="Epoller.cc">
      <Filter>util</Filter>
    </ClCompile>
    <ClCompile Include="ClientSocket.cc">
      <Filter>util</Filter>
    </ClCompile>
    <ClCompile Include="Connection.cc">
      <Filter>util</Filter>
    </ClCompile>
    <ClCompile Include="BindAdapter.cc">
      <Filter>util</Filter>
    </ClCompile>
    <ClCompile Include="NetThread.cc">
      <Filter>util</Filter>
    </ClCompile>
    <ClCompile Include="ServantHandle.cc">
      <Filter>servant</Filter>
    </ClCompile>
    <ClCompile Include="EpollServer.cc">
      <Filter>util</Filter>
    </ClCompile>
    <ClCompile Include="CoroutineScheduler.cc">
      <Filter>servant</Filter>
    </ClCompile>
  </ItemGroup>
  <ItemGroup>
    <ClInclude Include="NetworkUtil.h">
      <Filter>util</Filter>
    </ClInclude>
    <ClInclude Include="Epoller.h">
      <Filter>util</Filter>
    </ClInclude>
    <ClInclude Include="Mutex.h">
      <Filter>util</Filter>
    </ClInclude>
    <ClInclude Include="Condition.h">
      <Filter>util</Filter>
    </ClInclude>
    <ClInclude Include="Monitor.hpp">
      <Filter>util</Filter>
    </ClInclude>
    <ClInclude Include="Lock.hpp">
      <Filter>util</Filter>
    </ClInclude>
    <ClInclude Include="Socket.h">
      <Filter>util</Filter>
    </ClInclude>
    <ClInclude Include="ThreadDeque.hpp">
      <Filter>util</Filter>
    </ClInclude>
    <ClInclude Include="ClientSocket.h">
      <Filter>util</Filter>
    </ClInclude>
    <ClInclude Include="Connection.h">
      <Filter>util</Filter>
    </ClInclude>
    <ClInclude Include="BufferPoll.h">
      <Filter>util</Filter>
    </ClInclude>
    <ClInclude Include="BindAdapter.h">
      <Filter>util</Filter>
    </ClInclude>
    <ClInclude Include="ServantHandle.h">
      <Filter>servant</Filter>
    </ClInclude>
    <ClInclude Include="tc_fcontext.h">
      <Filter>servant</Filter>
    </ClInclude>
    <ClInclude Include="tc_fcontext_x86_64.h">
      <Filter>servant</Filter>
    </ClInclude>
    <ClInclude Include="CoroutineScheduler.h">
      <Filter>servant</Filter>
    </ClInclude>
    <ClInclude Include="NetThread.h">
      <Filter>util</Filter>
    </ClInclude>
    <ClInclude Include="Message.h">
      <Filter>util</Filter>
    </ClInclude>
    <ClInclude Include="EpollServer.h">
      <Filter>util</Filter>
    </ClInclude>
  </ItemGroup>
  <ItemGroup>
    <Filter Include="util">
      <UniqueIdentifier>{ece5c940-8ca3-498e-9b3d-dba5aec33a4b}</UniqueIdentifier>
    </Filter>
    <Filter Include="servant">
      <UniqueIdentifier>{deefa162-685c-48c1-9ebf-48e6d9942321}</UniqueIdentifier>
    </Filter>
  </ItemGroup>
  <ItemGroup>
    <Library Include="tc_make_x86_64_sysv_elf_gas.s">
      <Filter>servant</Filter>
    </Library>
    <Library Include="tc_jump_x86_64_sysv_elf_gas.s">
      <Filter>servant</Filter>
    </Library>
  </ItemGroup>
</Project>